// !$*UTF8*$!
{
	archiveVersion = 1;
	classes = {
	};
	objectVersion = 55;
	objects = {

/* Begin PBXBuildFile section */
		9AB84EA927FE0AB7003E4B68 /* WidgetKit.framework in Frameworks */ = {isa = PBXBuildFile; fileRef = 9AB84EA827FE0AB7003E4B68 /* WidgetKit.framework */; };
		9AB84EAB27FE0AB7003E4B68 /* SwiftUI.framework in Frameworks */ = {isa = PBXBuildFile; fileRef = 9AB84EAA27FE0AB7003E4B68 /* SwiftUI.framework */; };
		9AB84EAE27FE0AB7003E4B68 /* DrinkUpWidget.swift in Sources */ = {isa = PBXBuildFile; fileRef = 9AB84EAD27FE0AB7003E4B68 /* DrinkUpWidget.swift */; };
		9AB84EB127FE0ABA003E4B68 /* Assets.xcassets in Resources */ = {isa = PBXBuildFile; fileRef = 9AB84EB027FE0ABA003E4B68 /* Assets.xcassets */; };
		9AB84EB327FE0ABA003E4B68 /* DrinkUpWidget.intentdefinition in Sources */ = {isa = PBXBuildFile; fileRef = 9AB84EAF27FE0AB8003E4B68 /* DrinkUpWidget.intentdefinition */; };
		9AB84EB427FE0ABA003E4B68 /* DrinkUpWidget.intentdefinition in Sources */ = {isa = PBXBuildFile; fileRef = 9AB84EAF27FE0AB8003E4B68 /* DrinkUpWidget.intentdefinition */; };
		9AB84EB727FE0ABA003E4B68 /* DrinkUpWidgetExtension.appex in Embed App Extensions */ = {isa = PBXBuildFile; fileRef = 9AB84EA627FE0AB7003E4B68 /* DrinkUpWidgetExtension.appex */; settings = {ATTRIBUTES = (RemoveHeadersOnCopy, ); }; };
		9AF968F627FDEC9100007985 /* Tests_iOS.swift in Sources */ = {isa = PBXBuildFile; fileRef = 9AF968F527FDEC9100007985 /* Tests_iOS.swift */; };
		9AF968F827FDEC9100007985 /* Tests_iOSLaunchTests.swift in Sources */ = {isa = PBXBuildFile; fileRef = 9AF968F727FDEC9100007985 /* Tests_iOSLaunchTests.swift */; };
		9AF9690227FDEC9100007985 /* Tests_macOS.swift in Sources */ = {isa = PBXBuildFile; fileRef = 9AF9690127FDEC9100007985 /* Tests_macOS.swift */; };
		9AF9690427FDEC9100007985 /* Tests_macOSLaunchTests.swift in Sources */ = {isa = PBXBuildFile; fileRef = 9AF9690327FDEC9100007985 /* Tests_macOSLaunchTests.swift */; };
		9AF9690527FDEC9100007985 /* DrinkUpApp.swift in Sources */ = {isa = PBXBuildFile; fileRef = 9AF968DD27FDEC8D00007985 /* DrinkUpApp.swift */; };
		9AF9690627FDEC9100007985 /* DrinkUpApp.swift in Sources */ = {isa = PBXBuildFile; fileRef = 9AF968DD27FDEC8D00007985 /* DrinkUpApp.swift */; };
		9AF9690727FDEC9100007985 /* ContentView.swift in Sources */ = {isa = PBXBuildFile; fileRef = 9AF968DE27FDEC8D00007985 /* ContentView.swift */; };
		9AF9690827FDEC9100007985 /* ContentView.swift in Sources */ = {isa = PBXBuildFile; fileRef = 9AF968DE27FDEC8D00007985 /* ContentView.swift */; };
		9AF9690927FDEC9100007985 /* Assets.xcassets in Resources */ = {isa = PBXBuildFile; fileRef = 9AF968DF27FDEC9100007985 /* Assets.xcassets */; };
		9AF9690A27FDEC9100007985 /* Assets.xcassets in Resources */ = {isa = PBXBuildFile; fileRef = 9AF968DF27FDEC9100007985 /* Assets.xcassets */; };
/* End PBXBuildFile section */

/* Begin PBXContainerItemProxy section */
		9AB84EB527FE0ABA003E4B68 /* PBXContainerItemProxy */ = {
			isa = PBXContainerItemProxy;
			containerPortal = 9AF968D827FDEC8D00007985 /* Project object */;
			proxyType = 1;
			remoteGlobalIDString = 9AB84EA527FE0AB7003E4B68;
			remoteInfo = DrinkUpWidgetExtension;
		};
		9AF968F227FDEC9100007985 /* PBXContainerItemProxy */ = {
			isa = PBXContainerItemProxy;
			containerPortal = 9AF968D827FDEC8D00007985 /* Project object */;
			proxyType = 1;
			remoteGlobalIDString = 9AF968E327FDEC9100007985;
			remoteInfo = "DrinkUp (iOS)";
		};
		9AF968FE27FDEC9100007985 /* PBXContainerItemProxy */ = {
			isa = PBXContainerItemProxy;
			containerPortal = 9AF968D827FDEC8D00007985 /* Project object */;
			proxyType = 1;
			remoteGlobalIDString = 9AF968E927FDEC9100007985;
			remoteInfo = "DrinkUp (macOS)";
		};
/* End PBXContainerItemProxy section */

/* Begin PBXCopyFilesBuildPhase section */
		9AB84EB827FE0ABA003E4B68 /* Embed App Extensions */ = {
			isa = PBXCopyFilesBuildPhase;
			buildActionMask = 2147483647;
			dstPath = "";
			dstSubfolderSpec = 13;
			files = (
				9AB84EB727FE0ABA003E4B68 /* DrinkUpWidgetExtension.appex in Embed App Extensions */,
			);
			name = "Embed App Extensions";
			runOnlyForDeploymentPostprocessing = 0;
		};
/* End PBXCopyFilesBuildPhase section */

/* Begin PBXFileReference section */
		9AB84EA627FE0AB7003E4B68 /* DrinkUpWidgetExtension.appex */ = {isa = PBXFileReference; explicitFileType = "wrapper.app-extension"; includeInIndex = 0; path = DrinkUpWidgetExtension.appex; sourceTree = BUILT_PRODUCTS_DIR; };
		9AB84EA827FE0AB7003E4B68 /* WidgetKit.framework */ = {isa = PBXFileReference; lastKnownFileType = wrapper.framework; name = WidgetKit.framework; path = System/Library/Frameworks/WidgetKit.framework; sourceTree = SDKROOT; };
		9AB84EAA27FE0AB7003E4B68 /* SwiftUI.framework */ = {isa = PBXFileReference; lastKnownFileType = wrapper.framework; name = SwiftUI.framework; path = System/Library/Frameworks/SwiftUI.framework; sourceTree = SDKROOT; };
		9AB84EAD27FE0AB7003E4B68 /* DrinkUpWidget.swift */ = {isa = PBXFileReference; lastKnownFileType = sourcecode.swift; path = DrinkUpWidget.swift; sourceTree = "<group>"; };
		9AB84EAF27FE0AB8003E4B68 /* DrinkUpWidget.intentdefinition */ = {isa = PBXFileReference; lastKnownFileType = file.intentdefinition; path = DrinkUpWidget.intentdefinition; sourceTree = "<group>"; };
		9AB84EB027FE0ABA003E4B68 /* Assets.xcassets */ = {isa = PBXFileReference; lastKnownFileType = folder.assetcatalog; path = Assets.xcassets; sourceTree = "<group>"; };
		9AB84EB227FE0ABA003E4B68 /* Info.plist */ = {isa = PBXFileReference; lastKnownFileType = text.plist.xml; path = Info.plist; sourceTree = "<group>"; };
		9AF968DD27FDEC8D00007985 /* DrinkUpApp.swift */ = {isa = PBXFileReference; lastKnownFileType = sourcecode.swift; path = DrinkUpApp.swift; sourceTree = "<group>"; };
		9AF968DE27FDEC8D00007985 /* ContentView.swift */ = {isa = PBXFileReference; lastKnownFileType = sourcecode.swift; path = ContentView.swift; sourceTree = "<group>"; };
		9AF968DF27FDEC9100007985 /* Assets.xcassets */ = {isa = PBXFileReference; lastKnownFileType = folder.assetcatalog; path = Assets.xcassets; sourceTree = "<group>"; };
		9AF968E427FDEC9100007985 /* DrinkUp.app */ = {isa = PBXFileReference; explicitFileType = wrapper.application; includeInIndex = 0; path = DrinkUp.app; sourceTree = BUILT_PRODUCTS_DIR; };
		9AF968EA27FDEC9100007985 /* DrinkUp.app */ = {isa = PBXFileReference; explicitFileType = wrapper.application; includeInIndex = 0; path = DrinkUp.app; sourceTree = BUILT_PRODUCTS_DIR; };
		9AF968EC27FDEC9100007985 /* macOS.entitlements */ = {isa = PBXFileReference; lastKnownFileType = text.plist.entitlements; path = macOS.entitlements; sourceTree = "<group>"; };
		9AF968F127FDEC9100007985 /* Tests iOS.xctest */ = {isa = PBXFileReference; explicitFileType = wrapper.cfbundle; includeInIndex = 0; path = "Tests iOS.xctest"; sourceTree = BUILT_PRODUCTS_DIR; };
		9AF968F527FDEC9100007985 /* Tests_iOS.swift */ = {isa = PBXFileReference; lastKnownFileType = sourcecode.swift; path = Tests_iOS.swift; sourceTree = "<group>"; };
		9AF968F727FDEC9100007985 /* Tests_iOSLaunchTests.swift */ = {isa = PBXFileReference; lastKnownFileType = sourcecode.swift; path = Tests_iOSLaunchTests.swift; sourceTree = "<group>"; };
		9AF968FD27FDEC9100007985 /* Tests macOS.xctest */ = {isa = PBXFileReference; explicitFileType = wrapper.cfbundle; includeInIndex = 0; path = "Tests macOS.xctest"; sourceTree = BUILT_PRODUCTS_DIR; };
		9AF9690127FDEC9100007985 /* Tests_macOS.swift */ = {isa = PBXFileReference; lastKnownFileType = sourcecode.swift; path = Tests_macOS.swift; sourceTree = "<group>"; };
		9AF9690327FDEC9100007985 /* Tests_macOSLaunchTests.swift */ = {isa = PBXFileReference; lastKnownFileType = sourcecode.swift; path = Tests_macOSLaunchTests.swift; sourceTree = "<group>"; };
/* End PBXFileReference section */

/* Begin PBXFrameworksBuildPhase section */
		9AB84EA327FE0AB7003E4B68 /* Frameworks */ = {
			isa = PBXFrameworksBuildPhase;
			buildActionMask = 2147483647;
			files = (
				9AB84EAB27FE0AB7003E4B68 /* SwiftUI.framework in Frameworks */,
				9AB84EA927FE0AB7003E4B68 /* WidgetKit.framework in Frameworks */,
			);
			runOnlyForDeploymentPostprocessing = 0;
		};
		9AF968E127FDEC9100007985 /* Frameworks */ = {
			isa = PBXFrameworksBuildPhase;
			buildActionMask = 2147483647;
			files = (
			);
			runOnlyForDeploymentPostprocessing = 0;
		};
		9AF968E727FDEC9100007985 /* Frameworks */ = {
			isa = PBXFrameworksBuildPhase;
			buildActionMask = 2147483647;
			files = (
			);
			runOnlyForDeploymentPostprocessing = 0;
		};
		9AF968EE27FDEC9100007985 /* Frameworks */ = {
			isa = PBXFrameworksBuildPhase;
			buildActionMask = 2147483647;
			files = (
			);
			runOnlyForDeploymentPostprocessing = 0;
		};
		9AF968FA27FDEC9100007985 /* Frameworks */ = {
			isa = PBXFrameworksBuildPhase;
			buildActionMask = 2147483647;
			files = (
			);
			runOnlyForDeploymentPostprocessing = 0;
		};
/* End PBXFrameworksBuildPhase section */

/* Begin PBXGroup section */
		9AB84EA727FE0AB7003E4B68 /* Frameworks */ = {
			isa = PBXGroup;
			children = (
				9AB84EA827FE0AB7003E4B68 /* WidgetKit.framework */,
				9AB84EAA27FE0AB7003E4B68 /* SwiftUI.framework */,
			);
			name = Frameworks;
			sourceTree = "<group>";
		};
		9AB84EAC27FE0AB7003E4B68 /* DrinkUpWidget */ = {
			isa = PBXGroup;
			children = (
				9AB84EAD27FE0AB7003E4B68 /* DrinkUpWidget.swift */,
				9AB84EAF27FE0AB8003E4B68 /* DrinkUpWidget.intentdefinition */,
				9AB84EB027FE0ABA003E4B68 /* Assets.xcassets */,
				9AB84EB227FE0ABA003E4B68 /* Info.plist */,
			);
			path = DrinkUpWidget;
			sourceTree = "<group>";
		};
		9AF968D727FDEC8D00007985 = {
			isa = PBXGroup;
			children = (
				9AF968DC27FDEC8D00007985 /* Shared */,
				9AF968EB27FDEC9100007985 /* macOS */,
				9AF968F427FDEC9100007985 /* Tests iOS */,
				9AF9690027FDEC9100007985 /* Tests macOS */,
				9AB84EAC27FE0AB7003E4B68 /* DrinkUpWidget */,
				9AB84EA727FE0AB7003E4B68 /* Frameworks */,
				9AF968E527FDEC9100007985 /* Products */,
			);
			sourceTree = "<group>";
		};
		9AF968DC27FDEC8D00007985 /* Shared */ = {
			isa = PBXGroup;
			children = (
				9AF968DD27FDEC8D00007985 /* DrinkUpApp.swift */,
				9AF968DE27FDEC8D00007985 /* ContentView.swift */,
				9AF968DF27FDEC9100007985 /* Assets.xcassets */,
			);
			path = Shared;
			sourceTree = "<group>";
		};
		9AF968E527FDEC9100007985 /* Products */ = {
			isa = PBXGroup;
			children = (
				9AF968E427FDEC9100007985 /* DrinkUp.app */,
				9AF968EA27FDEC9100007985 /* DrinkUp.app */,
				9AF968F127FDEC9100007985 /* Tests iOS.xctest */,
				9AF968FD27FDEC9100007985 /* Tests macOS.xctest */,
				9AB84EA627FE0AB7003E4B68 /* DrinkUpWidgetExtension.appex */,
			);
			name = Products;
			sourceTree = "<group>";
		};
		9AF968EB27FDEC9100007985 /* macOS */ = {
			isa = PBXGroup;
			children = (
				9AF968EC27FDEC9100007985 /* macOS.entitlements */,
			);
			path = macOS;
			sourceTree = "<group>";
		};
		9AF968F427FDEC9100007985 /* Tests iOS */ = {
			isa = PBXGroup;
			children = (
				9AF968F527FDEC9100007985 /* Tests_iOS.swift */,
				9AF968F727FDEC9100007985 /* Tests_iOSLaunchTests.swift */,
			);
			path = "Tests iOS";
			sourceTree = "<group>";
		};
		9AF9690027FDEC9100007985 /* Tests macOS */ = {
			isa = PBXGroup;
			children = (
				9AF9690127FDEC9100007985 /* Tests_macOS.swift */,
				9AF9690327FDEC9100007985 /* Tests_macOSLaunchTests.swift */,
			);
			path = "Tests macOS";
			sourceTree = "<group>";
		};
/* End PBXGroup section */

/* Begin PBXNativeTarget section */
		9AB84EA527FE0AB7003E4B68 /* DrinkUpWidgetExtension */ = {
			isa = PBXNativeTarget;
			buildConfigurationList = 9AB84EBB27FE0ABA003E4B68 /* Build configuration list for PBXNativeTarget "DrinkUpWidgetExtension" */;
			buildPhases = (
				9AB84EA227FE0AB7003E4B68 /* Sources */,
				9AB84EA327FE0AB7003E4B68 /* Frameworks */,
				9AB84EA427FE0AB7003E4B68 /* Resources */,
			);
			buildRules = (
			);
			dependencies = (
			);
			name = DrinkUpWidgetExtension;
			productName = DrinkUpWidgetExtension;
			productReference = 9AB84EA627FE0AB7003E4B68 /* DrinkUpWidgetExtension.appex */;
			productType = "com.apple.product-type.app-extension";
		};
		9AF968E327FDEC9100007985 /* DrinkUp (iOS) */ = {
			isa = PBXNativeTarget;
			buildConfigurationList = 9AF9690D27FDEC9100007985 /* Build configuration list for PBXNativeTarget "DrinkUp (iOS)" */;
			buildPhases = (
				9AF968E027FDEC9100007985 /* Sources */,
				9AF968E127FDEC9100007985 /* Frameworks */,
				9AF968E227FDEC9100007985 /* Resources */,
				9AB84EB827FE0ABA003E4B68 /* Embed App Extensions */,
			);
			buildRules = (
			);
			dependencies = (
				9AB84EB627FE0ABA003E4B68 /* PBXTargetDependency */,
			);
			name = "DrinkUp (iOS)";
			productName = "DrinkUp (iOS)";
			productReference = 9AF968E427FDEC9100007985 /* DrinkUp.app */;
			productType = "com.apple.product-type.application";
		};
		9AF968E927FDEC9100007985 /* DrinkUp (macOS) */ = {
			isa = PBXNativeTarget;
			buildConfigurationList = 9AF9691027FDEC9100007985 /* Build configuration list for PBXNativeTarget "DrinkUp (macOS)" */;
			buildPhases = (
				9AF968E627FDEC9100007985 /* Sources */,
				9AF968E727FDEC9100007985 /* Frameworks */,
				9AF968E827FDEC9100007985 /* Resources */,
			);
			buildRules = (
			);
			dependencies = (
			);
			name = "DrinkUp (macOS)";
			productName = "DrinkUp (macOS)";
			productReference = 9AF968EA27FDEC9100007985 /* DrinkUp.app */;
			productType = "com.apple.product-type.application";
		};
		9AF968F027FDEC9100007985 /* Tests iOS */ = {
			isa = PBXNativeTarget;
			buildConfigurationList = 9AF9691327FDEC9100007985 /* Build configuration list for PBXNativeTarget "Tests iOS" */;
			buildPhases = (
				9AF968ED27FDEC9100007985 /* Sources */,
				9AF968EE27FDEC9100007985 /* Frameworks */,
				9AF968EF27FDEC9100007985 /* Resources */,
			);
			buildRules = (
			);
			dependencies = (
				9AF968F327FDEC9100007985 /* PBXTargetDependency */,
			);
			name = "Tests iOS";
			productName = "Tests iOS";
			productReference = 9AF968F127FDEC9100007985 /* Tests iOS.xctest */;
			productType = "com.apple.product-type.bundle.ui-testing";
		};
		9AF968FC27FDEC9100007985 /* Tests macOS */ = {
			isa = PBXNativeTarget;
			buildConfigurationList = 9AF9691627FDEC9100007985 /* Build configuration list for PBXNativeTarget "Tests macOS" */;
			buildPhases = (
				9AF968F927FDEC9100007985 /* Sources */,
				9AF968FA27FDEC9100007985 /* Frameworks */,
				9AF968FB27FDEC9100007985 /* Resources */,
			);
			buildRules = (
			);
			dependencies = (
				9AF968FF27FDEC9100007985 /* PBXTargetDependency */,
			);
			name = "Tests macOS";
			productName = "Tests macOS";
			productReference = 9AF968FD27FDEC9100007985 /* Tests macOS.xctest */;
			productType = "com.apple.product-type.bundle.ui-testing";
		};
/* End PBXNativeTarget section */

/* Begin PBXProject section */
		9AF968D827FDEC8D00007985 /* Project object */ = {
			isa = PBXProject;
			attributes = {
				BuildIndependentTargetsInParallel = 1;
				LastSwiftUpdateCheck = 1330;
				LastUpgradeCheck = 1330;
				TargetAttributes = {
					9AB84EA527FE0AB7003E4B68 = {
						CreatedOnToolsVersion = 13.3;
					};
					9AF968E327FDEC9100007985 = {
						CreatedOnToolsVersion = 13.3;
					};
					9AF968E927FDEC9100007985 = {
						CreatedOnToolsVersion = 13.3;
					};
					9AF968F027FDEC9100007985 = {
						CreatedOnToolsVersion = 13.3;
						TestTargetID = 9AF968E327FDEC9100007985;
					};
					9AF968FC27FDEC9100007985 = {
						CreatedOnToolsVersion = 13.3;
						TestTargetID = 9AF968E927FDEC9100007985;
					};
				};
			};
			buildConfigurationList = 9AF968DB27FDEC8D00007985 /* Build configuration list for PBXProject "DrinkUp" */;
			compatibilityVersion = "Xcode 13.0";
			developmentRegion = en;
			hasScannedForEncodings = 0;
			knownRegions = (
				en,
				Base,
			);
			mainGroup = 9AF968D727FDEC8D00007985;
			productRefGroup = 9AF968E527FDEC9100007985 /* Products */;
			projectDirPath = "";
			projectRoot = "";
			targets = (
				9AF968E327FDEC9100007985 /* DrinkUp (iOS) */,
				9AF968E927FDEC9100007985 /* DrinkUp (macOS) */,
				9AF968F027FDEC9100007985 /* Tests iOS */,
				9AF968FC27FDEC9100007985 /* Tests macOS */,
				9AB84EA527FE0AB7003E4B68 /* DrinkUpWidgetExtension */,
			);
		};
/* End PBXProject section */

/* Begin PBXResourcesBuildPhase section */
		9AB84EA427FE0AB7003E4B68 /* Resources */ = {
			isa = PBXResourcesBuildPhase;
			buildActionMask = 2147483647;
			files = (
				9AB84EB127FE0ABA003E4B68 /* Assets.xcassets in Resources */,
			);
			runOnlyForDeploymentPostprocessing = 0;
		};
		9AF968E227FDEC9100007985 /* Resources */ = {
			isa = PBXResourcesBuildPhase;
			buildActionMask = 2147483647;
			files = (
				9AF9690927FDEC9100007985 /* Assets.xcassets in Resources */,
			);
			runOnlyForDeploymentPostprocessing = 0;
		};
		9AF968E827FDEC9100007985 /* Resources */ = {
			isa = PBXResourcesBuildPhase;
			buildActionMask = 2147483647;
			files = (
				9AF9690A27FDEC9100007985 /* Assets.xcassets in Resources */,
			);
			runOnlyForDeploymentPostprocessing = 0;
		};
		9AF968EF27FDEC9100007985 /* Resources */ = {
			isa = PBXResourcesBuildPhase;
			buildActionMask = 2147483647;
			files = (
			);
			runOnlyForDeploymentPostprocessing = 0;
		};
		9AF968FB27FDEC9100007985 /* Resources */ = {
			isa = PBXResourcesBuildPhase;
			buildActionMask = 2147483647;
			files = (
			);
			runOnlyForDeploymentPostprocessing = 0;
		};
/* End PBXResourcesBuildPhase section */

/* Begin PBXSourcesBuildPhase section */
		9AB84EA227FE0AB7003E4B68 /* Sources */ = {
			isa = PBXSourcesBuildPhase;
			buildActionMask = 2147483647;
			files = (
				9AB84EB327FE0ABA003E4B68 /* DrinkUpWidget.intentdefinition in Sources */,
				9AB84EAE27FE0AB7003E4B68 /* DrinkUpWidget.swift in Sources */,
			);
			runOnlyForDeploymentPostprocessing = 0;
		};
		9AF968E027FDEC9100007985 /* Sources */ = {
			isa = PBXSourcesBuildPhase;
			buildActionMask = 2147483647;
			files = (
				9AB84EB427FE0ABA003E4B68 /* DrinkUpWidget.intentdefinition in Sources */,
				9AF9690727FDEC9100007985 /* ContentView.swift in Sources */,
				9AF9690527FDEC9100007985 /* DrinkUpApp.swift in Sources */,
			);
			runOnlyForDeploymentPostprocessing = 0;
		};
		9AF968E627FDEC9100007985 /* Sources */ = {
			isa = PBXSourcesBuildPhase;
			buildActionMask = 2147483647;
			files = (
				9AF9690827FDEC9100007985 /* ContentView.swift in Sources */,
				9AF9690627FDEC9100007985 /* DrinkUpApp.swift in Sources */,
			);
			runOnlyForDeploymentPostprocessing = 0;
		};
		9AF968ED27FDEC9100007985 /* Sources */ = {
			isa = PBXSourcesBuildPhase;
			buildActionMask = 2147483647;
			files = (
				9AF968F827FDEC9100007985 /* Tests_iOSLaunchTests.swift in Sources */,
				9AF968F627FDEC9100007985 /* Tests_iOS.swift in Sources */,
			);
			runOnlyForDeploymentPostprocessing = 0;
		};
		9AF968F927FDEC9100007985 /* Sources */ = {
			isa = PBXSourcesBuildPhase;
			buildActionMask = 2147483647;
			files = (
				9AF9690427FDEC9100007985 /* Tests_macOSLaunchTests.swift in Sources */,
				9AF9690227FDEC9100007985 /* Tests_macOS.swift in Sources */,
			);
			runOnlyForDeploymentPostprocessing = 0;
		};
/* End PBXSourcesBuildPhase section */

/* Begin PBXTargetDependency section */
		9AB84EB627FE0ABA003E4B68 /* PBXTargetDependency */ = {
			isa = PBXTargetDependency;
			target = 9AB84EA527FE0AB7003E4B68 /* DrinkUpWidgetExtension */;
			targetProxy = 9AB84EB527FE0ABA003E4B68 /* PBXContainerItemProxy */;
		};
		9AF968F327FDEC9100007985 /* PBXTargetDependency */ = {
			isa = PBXTargetDependency;
			target = 9AF968E327FDEC9100007985 /* DrinkUp (iOS) */;
			targetProxy = 9AF968F227FDEC9100007985 /* PBXContainerItemProxy */;
		};
		9AF968FF27FDEC9100007985 /* PBXTargetDependency */ = {
			isa = PBXTargetDependency;
			target = 9AF968E927FDEC9100007985 /* DrinkUp (macOS) */;
			targetProxy = 9AF968FE27FDEC9100007985 /* PBXContainerItemProxy */;
		};
/* End PBXTargetDependency section */

/* Begin XCBuildConfiguration section */
		9AB84EB927FE0ABA003E4B68 /* Debug */ = {
			isa = XCBuildConfiguration;
			buildSettings = {
				ASSETCATALOG_COMPILER_GLOBAL_ACCENT_COLOR_NAME = AccentColor;
				ASSETCATALOG_COMPILER_WIDGET_BACKGROUND_COLOR_NAME = WidgetBackground;
				CODE_SIGN_STYLE = Automatic;
				CURRENT_PROJECT_VERSION = 1;
				DEVELOPMENT_TEAM = 3D6TB2F5RY;
				GENERATE_INFOPLIST_FILE = YES;
				INFOPLIST_FILE = DrinkUpWidget/Info.plist;
				INFOPLIST_KEY_CFBundleDisplayName = DrinkUpWidget;
				INFOPLIST_KEY_NSHumanReadableCopyright = "";
				IPHONEOS_DEPLOYMENT_TARGET = 15.4;
				LD_RUNPATH_SEARCH_PATHS = (
					"$(inherited)",
					"@executable_path/Frameworks",
					"@executable_path/../../Frameworks",
				);
				MARKETING_VERSION = 1.0;
				PRODUCT_BUNDLE_IDENTIFIER = com.victor.drinkupwater.DrinkUp.DrinkUpWidget;
				PRODUCT_NAME = "$(TARGET_NAME)";
				SDKROOT = iphoneos;
				SKIP_INSTALL = YES;
				SWIFT_EMIT_LOC_STRINGS = YES;
				SWIFT_VERSION = 5.0;
				TARGETED_DEVICE_FAMILY = "1,2";
			};
			name = Debug;
		};
		9AB84EBA27FE0ABA003E4B68 /* Release */ = {
			isa = XCBuildConfiguration;
			buildSettings = {
				ASSETCATALOG_COMPILER_GLOBAL_ACCENT_COLOR_NAME = AccentColor;
				ASSETCATALOG_COMPILER_WIDGET_BACKGROUND_COLOR_NAME = WidgetBackground;
				CODE_SIGN_STYLE = Automatic;
				CURRENT_PROJECT_VERSION = 1;
				DEVELOPMENT_TEAM = 3D6TB2F5RY;
				GENERATE_INFOPLIST_FILE = YES;
				INFOPLIST_FILE = DrinkUpWidget/Info.plist;
				INFOPLIST_KEY_CFBundleDisplayName = DrinkUpWidget;
				INFOPLIST_KEY_NSHumanReadableCopyright = "";
				IPHONEOS_DEPLOYMENT_TARGET = 15.4;
				LD_RUNPATH_SEARCH_PATHS = (
					"$(inherited)",
					"@executable_path/Frameworks",
					"@executable_path/../../Frameworks",
				);
				MARKETING_VERSION = 1.0;
				PRODUCT_BUNDLE_IDENTIFIER = com.victor.drinkupwater.DrinkUp.DrinkUpWidget;
				PRODUCT_NAME = "$(TARGET_NAME)";
				SDKROOT = iphoneos;
				SKIP_INSTALL = YES;
				SWIFT_EMIT_LOC_STRINGS = YES;
				SWIFT_VERSION = 5.0;
				TARGETED_DEVICE_FAMILY = "1,2";
				VALIDATE_PRODUCT = YES;
			};
			name = Release;
		};
		9AF9690B27FDEC9100007985 /* Debug */ = {
			isa = XCBuildConfiguration;
			buildSettings = {
				ALWAYS_SEARCH_USER_PATHS = NO;
				CLANG_ANALYZER_NONNULL = YES;
				CLANG_ANALYZER_NUMBER_OBJECT_CONVERSION = YES_AGGRESSIVE;
				CLANG_CXX_LANGUAGE_STANDARD = "gnu++17";
				CLANG_ENABLE_MODULES = YES;
				CLANG_ENABLE_OBJC_ARC = YES;
				CLANG_ENABLE_OBJC_WEAK = YES;
				CLANG_WARN_BLOCK_CAPTURE_AUTORELEASING = YES;
				CLANG_WARN_BOOL_CONVERSION = YES;
				CLANG_WARN_COMMA = YES;
				CLANG_WARN_CONSTANT_CONVERSION = YES;
				CLANG_WARN_DEPRECATED_OBJC_IMPLEMENTATIONS = YES;
				CLANG_WARN_DIRECT_OBJC_ISA_USAGE = YES_ERROR;
				CLANG_WARN_DOCUMENTATION_COMMENTS = YES;
				CLANG_WARN_EMPTY_BODY = YES;
				CLANG_WARN_ENUM_CONVERSION = YES;
				CLANG_WARN_INFINITE_RECURSION = YES;
				CLANG_WARN_INT_CONVERSION = YES;
				CLANG_WARN_NON_LITERAL_NULL_CONVERSION = YES;
				CLANG_WARN_OBJC_IMPLICIT_RETAIN_SELF = YES;
				CLANG_WARN_OBJC_LITERAL_CONVERSION = YES;
				CLANG_WARN_OBJC_ROOT_CLASS = YES_ERROR;
				CLANG_WARN_QUOTED_INCLUDE_IN_FRAMEWORK_HEADER = YES;
				CLANG_WARN_RANGE_LOOP_ANALYSIS = YES;
				CLANG_WARN_STRICT_PROTOTYPES = YES;
				CLANG_WARN_SUSPICIOUS_MOVE = YES;
				CLANG_WARN_UNGUARDED_AVAILABILITY = YES_AGGRESSIVE;
				CLANG_WARN_UNREACHABLE_CODE = YES;
				CLANG_WARN__DUPLICATE_METHOD_MATCH = YES;
				COPY_PHASE_STRIP = NO;
				DEBUG_INFORMATION_FORMAT = dwarf;
				ENABLE_STRICT_OBJC_MSGSEND = YES;
				ENABLE_TESTABILITY = YES;
				GCC_C_LANGUAGE_STANDARD = gnu11;
				GCC_DYNAMIC_NO_PIC = NO;
				GCC_NO_COMMON_BLOCKS = YES;
				GCC_OPTIMIZATION_LEVEL = 0;
				GCC_PREPROCESSOR_DEFINITIONS = (
					"DEBUG=1",
					"$(inherited)",
				);
				GCC_WARN_64_TO_32_BIT_CONVERSION = YES;
				GCC_WARN_ABOUT_RETURN_TYPE = YES_ERROR;
				GCC_WARN_UNDECLARED_SELECTOR = YES;
				GCC_WARN_UNINITIALIZED_AUTOS = YES_AGGRESSIVE;
				GCC_WARN_UNUSED_FUNCTION = YES;
				GCC_WARN_UNUSED_VARIABLE = YES;
				MTL_ENABLE_DEBUG_INFO = INCLUDE_SOURCE;
				MTL_FAST_MATH = YES;
				ONLY_ACTIVE_ARCH = YES;
				SWIFT_ACTIVE_COMPILATION_CONDITIONS = DEBUG;
				SWIFT_OPTIMIZATION_LEVEL = "-Onone";
			};
			name = Debug;
		};
		9AF9690C27FDEC9100007985 /* Release */ = {
			isa = XCBuildConfiguration;
			buildSettings = {
				ALWAYS_SEARCH_USER_PATHS = NO;
				CLANG_ANALYZER_NONNULL = YES;
				CLANG_ANALYZER_NUMBER_OBJECT_CONVERSION = YES_AGGRESSIVE;
				CLANG_CXX_LANGUAGE_STANDARD = "gnu++17";
				CLANG_ENABLE_MODULES = YES;
				CLANG_ENABLE_OBJC_ARC = YES;
				CLANG_ENABLE_OBJC_WEAK = YES;
				CLANG_WARN_BLOCK_CAPTURE_AUTORELEASING = YES;
				CLANG_WARN_BOOL_CONVERSION = YES;
				CLANG_WARN_COMMA = YES;
				CLANG_WARN_CONSTANT_CONVERSION = YES;
				CLANG_WARN_DEPRECATED_OBJC_IMPLEMENTATIONS = YES;
				CLANG_WARN_DIRECT_OBJC_ISA_USAGE = YES_ERROR;
				CLANG_WARN_DOCUMENTATION_COMMENTS = YES;
				CLANG_WARN_EMPTY_BODY = YES;
				CLANG_WARN_ENUM_CONVERSION = YES;
				CLANG_WARN_INFINITE_RECURSION = YES;
				CLANG_WARN_INT_CONVERSION = YES;
				CLANG_WARN_NON_LITERAL_NULL_CONVERSION = YES;
				CLANG_WARN_OBJC_IMPLICIT_RETAIN_SELF = YES;
				CLANG_WARN_OBJC_LITERAL_CONVERSION = YES;
				CLANG_WARN_OBJC_ROOT_CLASS = YES_ERROR;
				CLANG_WARN_QUOTED_INCLUDE_IN_FRAMEWORK_HEADER = YES;
				CLANG_WARN_RANGE_LOOP_ANALYSIS = YES;
				CLANG_WARN_STRICT_PROTOTYPES = YES;
				CLANG_WARN_SUSPICIOUS_MOVE = YES;
				CLANG_WARN_UNGUARDED_AVAILABILITY = YES_AGGRESSIVE;
				CLANG_WARN_UNREACHABLE_CODE = YES;
				CLANG_WARN__DUPLICATE_METHOD_MATCH = YES;
				COPY_PHASE_STRIP = NO;
				DEBUG_INFORMATION_FORMAT = "dwarf-with-dsym";
				ENABLE_NS_ASSERTIONS = NO;
				ENABLE_STRICT_OBJC_MSGSEND = YES;
				GCC_C_LANGUAGE_STANDARD = gnu11;
				GCC_NO_COMMON_BLOCKS = YES;
				GCC_WARN_64_TO_32_BIT_CONVERSION = YES;
				GCC_WARN_ABOUT_RETURN_TYPE = YES_ERROR;
				GCC_WARN_UNDECLARED_SELECTOR = YES;
				GCC_WARN_UNINITIALIZED_AUTOS = YES_AGGRESSIVE;
				GCC_WARN_UNUSED_FUNCTION = YES;
				GCC_WARN_UNUSED_VARIABLE = YES;
				MTL_ENABLE_DEBUG_INFO = NO;
				MTL_FAST_MATH = YES;
				SWIFT_COMPILATION_MODE = wholemodule;
				SWIFT_OPTIMIZATION_LEVEL = "-O";
			};
			name = Release;
		};
		9AF9690E27FDEC9100007985 /* Debug */ = {
			isa = XCBuildConfiguration;
			buildSettings = {
				ALWAYS_EMBED_SWIFT_STANDARD_LIBRARIES = YES;
				ASSETCATALOG_COMPILER_APPICON_NAME = AppIcon;
				ASSETCATALOG_COMPILER_GLOBAL_ACCENT_COLOR_NAME = AccentColor;
				CODE_SIGN_STYLE = Automatic;
				CURRENT_PROJECT_VERSION = 1;
				DEVELOPMENT_TEAM = 3D6TB2F5RY;
				ENABLE_PREVIEWS = YES;
				GENERATE_INFOPLIST_FILE = YES;
				INFOPLIST_KEY_UIApplicationSceneManifest_Generation = YES;
				INFOPLIST_KEY_UIApplicationSupportsIndirectInputEvents = YES;
				INFOPLIST_KEY_UILaunchScreen_Generation = YES;
				INFOPLIST_KEY_UISupportedInterfaceOrientations_iPad = "UIInterfaceOrientationPortrait UIInterfaceOrientationPortraitUpsideDown UIInterfaceOrientationLandscapeLeft UIInterfaceOrientationLandscapeRight";
				INFOPLIST_KEY_UISupportedInterfaceOrientations_iPhone = "UIInterfaceOrientationPortrait UIInterfaceOrientationLandscapeLeft UIInterfaceOrientationLandscapeRight";
				IPHONEOS_DEPLOYMENT_TARGET = 15.4;
				LD_RUNPATH_SEARCH_PATHS = (
					"$(inherited)",
					"@executable_path/Frameworks",
				);
				MARKETING_VERSION = 1.0;
				PRODUCT_BUNDLE_IDENTIFIER = com.victor.drinkupwater.DrinkUp;
				PRODUCT_NAME = DrinkUp;
				SDKROOT = iphoneos;
				SWIFT_EMIT_LOC_STRINGS = YES;
				SWIFT_VERSION = 5.0;
				TARGETED_DEVICE_FAMILY = "1,2";
			};
			name = Debug;
		};
		9AF9690F27FDEC9100007985 /* Release */ = {
			isa = XCBuildConfiguration;
			buildSettings = {
				ALWAYS_EMBED_SWIFT_STANDARD_LIBRARIES = YES;
				ASSETCATALOG_COMPILER_APPICON_NAME = AppIcon;
				ASSETCATALOG_COMPILER_GLOBAL_ACCENT_COLOR_NAME = AccentColor;
				CODE_SIGN_STYLE = Automatic;
				CURRENT_PROJECT_VERSION = 1;
				DEVELOPMENT_TEAM = 3D6TB2F5RY;
				ENABLE_PREVIEWS = YES;
				GENERATE_INFOPLIST_FILE = YES;
				INFOPLIST_KEY_UIApplicationSceneManifest_Generation = YES;
				INFOPLIST_KEY_UIApplicationSupportsIndirectInputEvents = YES;
				INFOPLIST_KEY_UILaunchScreen_Generation = YES;
				INFOPLIST_KEY_UISupportedInterfaceOrientations_iPad = "UIInterfaceOrientationPortrait UIInterfaceOrientationPortraitUpsideDown UIInterfaceOrientationLandscapeLeft UIInterfaceOrientationLandscapeRight";
				INFOPLIST_KEY_UISupportedInterfaceOrientations_iPhone = "UIInterfaceOrientationPortrait UIInterfaceOrientationLandscapeLeft UIInterfaceOrientationLandscapeRight";
				IPHONEOS_DEPLOYMENT_TARGET = 15.4;
				LD_RUNPATH_SEARCH_PATHS = (
					"$(inherited)",
					"@executable_path/Frameworks",
				);
				MARKETING_VERSION = 1.0;
				PRODUCT_BUNDLE_IDENTIFIER = com.victor.drinkupwater.DrinkUp;
				PRODUCT_NAME = DrinkUp;
				SDKROOT = iphoneos;
				SWIFT_EMIT_LOC_STRINGS = YES;
				SWIFT_VERSION = 5.0;
				TARGETED_DEVICE_FAMILY = "1,2";
				VALIDATE_PRODUCT = YES;
			};
			name = Release;
		};
		9AF9691127FDEC9100007985 /* Debug */ = {
			isa = XCBuildConfiguration;
			buildSettings = {
				ASSETCATALOG_COMPILER_APPICON_NAME = AppIcon;
				ASSETCATALOG_COMPILER_GLOBAL_ACCENT_COLOR_NAME = AccentColor;
				CODE_SIGN_ENTITLEMENTS = macOS/macOS.entitlements;
				CODE_SIGN_STYLE = Automatic;
				COMBINE_HIDPI_IMAGES = YES;
				CURRENT_PROJECT_VERSION = 1;
				DEVELOPMENT_TEAM = 3D6TB2F5RY;
				ENABLE_HARDENED_RUNTIME = YES;
				ENABLE_PREVIEWS = YES;
				GENERATE_INFOPLIST_FILE = YES;
				INFOPLIST_KEY_NSHumanReadableCopyright = "";
				LD_RUNPATH_SEARCH_PATHS = (
					"$(inherited)",
					"@executable_path/../Frameworks",
				);
				MACOSX_DEPLOYMENT_TARGET = 12.1;
				MARKETING_VERSION = 1.0;
				PRODUCT_BUNDLE_IDENTIFIER = com.victor.drinkupwater.DrinkUp;
				PRODUCT_NAME = DrinkUp;
				SDKROOT = macosx;
				SWIFT_EMIT_LOC_STRINGS = YES;
				SWIFT_VERSION = 5.0;
			};
			name = Debug;
		};
		9AF9691227FDEC9100007985 /* Release */ = {
			isa = XCBuildConfiguration;
			buildSettings = {
				ASSETCATALOG_COMPILER_APPICON_NAME = AppIcon;
				ASSETCATALOG_COMPILER_GLOBAL_ACCENT_COLOR_NAME = AccentColor;
				CODE_SIGN_ENTITLEMENTS = macOS/macOS.entitlements;
				CODE_SIGN_STYLE = Automatic;
				COMBINE_HIDPI_IMAGES = YES;
				CURRENT_PROJECT_VERSION = 1;
				DEVELOPMENT_TEAM = 3D6TB2F5RY;
				ENABLE_HARDENED_RUNTIME = YES;
				ENABLE_PREVIEWS = YES;
				GENERATE_INFOPLIST_FILE = YES;
				INFOPLIST_KEY_NSHumanReadableCopyright = "";
				LD_RUNPATH_SEARCH_PATHS = (
					"$(inherited)",
					"@executable_path/../Frameworks",
				);
				MACOSX_DEPLOYMENT_TARGET = 12.1;
				MARKETING_VERSION = 1.0;
				PRODUCT_BUNDLE_IDENTIFIER = com.victor.drinkupwater.DrinkUp;
				PRODUCT_NAME = DrinkUp;
				SDKROOT = macosx;
				SWIFT_EMIT_LOC_STRINGS = YES;
				SWIFT_VERSION = 5.0;
			};
			name = Release;
		};
		9AF9691427FDEC9100007985 /* Debug */ = {
			isa = XCBuildConfiguration;
			buildSettings = {
				ALWAYS_EMBED_SWIFT_STANDARD_LIBRARIES = YES;
				CODE_SIGN_STYLE = Automatic;
				CURRENT_PROJECT_VERSION = 1;
				DEVELOPMENT_TEAM = 3D6TB2F5RY;
				GENERATE_INFOPLIST_FILE = YES;
				IPHONEOS_DEPLOYMENT_TARGET = 15.4;
				MARKETING_VERSION = 1.0;
				PRODUCT_BUNDLE_IDENTIFIER = "com.victor.drinkupwater.Tests-iOS";
				PRODUCT_NAME = "$(TARGET_NAME)";
				SDKROOT = iphoneos;
				SWIFT_EMIT_LOC_STRINGS = NO;
				SWIFT_VERSION = 5.0;
				TARGETED_DEVICE_FAMILY = "1,2";
				TEST_TARGET_NAME = "DrinkUp (iOS)";
			};
			name = Debug;
		};
		9AF9691527FDEC9100007985 /* Release */ = {
			isa = XCBuildConfiguration;
			buildSettings = {
				ALWAYS_EMBED_SWIFT_STANDARD_LIBRARIES = YES;
				CODE_SIGN_STYLE = Automatic;
				CURRENT_PROJECT_VERSION = 1;
				DEVELOPMENT_TEAM = 3D6TB2F5RY;
				GENERATE_INFOPLIST_FILE = YES;
				IPHONEOS_DEPLOYMENT_TARGET = 15.4;
				MARKETING_VERSION = 1.0;
				PRODUCT_BUNDLE_IDENTIFIER = "com.victor.drinkupwater.Tests-iOS";
				PRODUCT_NAME = "$(TARGET_NAME)";
				SDKROOT = iphoneos;
				SWIFT_EMIT_LOC_STRINGS = NO;
				SWIFT_VERSION = 5.0;
				TARGETED_DEVICE_FAMILY = "1,2";
				TEST_TARGET_NAME = "DrinkUp (iOS)";
				VALIDATE_PRODUCT = YES;
			};
			name = Release;
		};
		9AF9691727FDEC9100007985 /* Debug */ = {
			isa = XCBuildConfiguration;
			buildSettings = {
				ALWAYS_EMBED_SWIFT_STANDARD_LIBRARIES = YES;
				CODE_SIGN_STYLE = Automatic;
				CURRENT_PROJECT_VERSION = 1;
				DEVELOPMENT_TEAM = 3D6TB2F5RY;
				GENERATE_INFOPLIST_FILE = YES;
				MACOSX_DEPLOYMENT_TARGET = 12.1;
				MARKETING_VERSION = 1.0;
				PRODUCT_BUNDLE_IDENTIFIER = "com.victor.drinkupwater.Tests-macOS";
				PRODUCT_NAME = "$(TARGET_NAME)";
				SDKROOT = macosx;
				SWIFT_EMIT_LOC_STRINGS = NO;
				SWIFT_VERSION = 5.0;
				TEST_TARGET_NAME = "DrinkUp (macOS)";
			};
			name = Debug;
		};
		9AF9691827FDEC9100007985 /* Release */ = {
			isa = XCBuildConfiguration;
			buildSettings = {
				ALWAYS_EMBED_SWIFT_STANDARD_LIBRARIES = YES;
				CODE_SIGN_STYLE = Automatic;
				CURRENT_PROJECT_VERSION = 1;
				DEVELOPMENT_TEAM = 3D6TB2F5RY;
				GENERATE_INFOPLIST_FILE = YES;
				MACOSX_DEPLOYMENT_TARGET = 12.1;
				MARKETING_VERSION = 1.0;
				PRODUCT_BUNDLE_IDENTIFIER = "com.victor.drinkupwater.Tests-macOS";
				PRODUCT_NAME = "$(TARGET_NAME)";
				SDKROOT = macosx;
				SWIFT_EMIT_LOC_STRINGS = NO;
				SWIFT_VERSION = 5.0;
				TEST_TARGET_NAME = "DrinkUp (macOS)";
			};
			name = Release;
		};
/* End XCBuildConfiguration section */

/* Begin XCConfigurationList section */
		9AB84EBB27FE0ABA003E4B68 /* Build configuration list for PBXNativeTarget "DrinkUpWidgetExtension" */ = {
			isa = XCConfigurationList;
			buildConfigurations = (
				9AB84EB927FE0ABA003E4B68 /* Debug */,
				9AB84EBA27FE0ABA003E4B68 /* Release */,
			);
			defaultConfigurationIsVisible = 0;
			defaultConfigurationName = Release;
		};
		9AF968DB27FDEC8D00007985 /* Build configuration list for PBXProject "DrinkUp" */ = {
			isa = XCConfigurationList;
			buildConfigurations = (
				9AF9690B27FDEC9100007985 /* Debug */,
				9AF9690C27FDEC9100007985 /* Release */,
			);
			defaultConfigurationIsVisible = 0;
			defaultConfigurationName = Release;
		};
		9AF9690D27FDEC9100007985 /* Build configuration list for PBXNativeTarget "DrinkUp (iOS)" */ = {
			isa = XCConfigurationList;
			buildConfigurations = (
				9AF9690E27FDEC9100007985 /* Debug */,
				9AF9690F27FDEC9100007985 /* Release */,
			);
			defaultConfigurationIsVisible = 0;
			defaultConfigurationName = Release;
		};
		9AF9691027FDEC9100007985 /* Build configuration list for PBXNativeTarget "DrinkUp (macOS)" */ = {
			isa = XCConfigurationList;
			buildConfigurations = (
				9AF9691127FDEC9100007985 /* Debug */,
				9AF9691227FDEC9100007985 /* Release */,
			);
			defaultConfigurationIsVisible = 0;
			defaultConfigurationName = Release;
		};
		9AF9691327FDEC9100007985 /* Build configuration list for PBXNativeTarget "Tests iOS" */ = {
			isa = XCConfigurationList;
			buildConfigurations = (
				9AF9691427FDEC9100007985 /* Debug */,
				9AF9691527FDEC9100007985 /* Release */,
			);
			defaultConfigurationIsVisible = 0;
			defaultConfigurationName = Release;
		};
		9AF9691627FDEC9100007985 /* Build configuration list for PBXNativeTarget "Tests macOS" */ = {
			isa = XCConfigurationList;
			buildConfigurations = (
				9AF9691727FDEC9100007985 /* Debug */,
				9AF9691827FDEC9100007985 /* Release */,
			);
			defaultConfigurationIsVisible = 0;
			defaultConfigurationName = Release;
		};
/* End XCConfigurationList section */
	};
	rootObject = 9AF968D827FDEC8D00007985 /* Project object */;
}
